hash: 1266ee3527479682eb8bf6d0af3b5c05db5232305f53a93635976d7c50f9df73
updated: 2016-07-07T00:11:37.402314316-04:00
imports:
- name: github.com/gocql/gocql
  version: b7b8a0e04b0cb0ca0b379421c58ec6fab9939b85
- name: github.com/kelseyhightower/envconfig
  version: 91921eb4cf999321cdbeebdba5a03555800d493b
- name: github.com/simplyianm/inject
  version: 0379a29944564e07e61ec76e59221b3f33f214d8
- name: github.com/simplyianm/keypool
  version: d288d6f31d1c32f9762645f96a616eba394c0de7
- name: github.com/Sirupsen/logrus
  version: f3cfb454f4c209e6668c95216c4744b8fddb2356
- name: golang.org/x/sys
  version: a408501be4d17ee978c04a618e7a1b22af058c0e
  subpackages:
  - unix
devImports: []
